
Microsoft Visual Studio Solution File, Format Version 12.00
# Visual Studio Version 16
VisualStudioVersion = 16.0.30804.86
MinimumVisualStudioVersion = 10.0.40219.1
Project("{FAE04EC0-301F-11D3-BF4B-00C04F79EFBC}") = "School.H1_Bank_Project", "School.H1_Bank_Project\School.H1_Bank_Project.csproj", "{851B7DE8-E58B-4AB4-B96D-A01E765D612E}"
EndProject
Global
	GlobalSection(SolutionConfigurationPlatforms) = preSolution
		Debug|Any CPU = Debug|Any CPU
		Release|Any CPU = Release|Any CPU
	EndGlobalSection
	GlobalSection(ProjectConfigurationPlatforms) = postSolution
		{851B7DE8-E58B-4AB4-B96D-A01E765D612E}.Debug|Any CPU.ActiveCfg = Debug|Any CPU
		{851B7DE8-E58B-4AB4-B96D-A01E765D612E}.Debug|Any CPU.Build.0 = Debug|Any CPU
		{851B7DE8-E58B-4AB4-B96D-A01E765D612E}.Release|Any CPU.ActiveCfg = Release|Any CPU
		{851B7DE8-E58B-4AB4-B96D-A01E765D612E}.Release|Any CPU.Build.0 = Release|Any CPU
	EndGlobalSection
	GlobalSection(SolutionProperties) = preSolution
		HideSolutionNode = FALSE
	EndGlobalSection
	GlobalSection(ExtensibilityGlobals) = postSolution
		SolutionGuid = {78ECB6BF-458B-4D88-9142-F1CA621A3724}
	EndGlobalSection
EndGlobal
